// !$*UTF8*$!
{
	archiveVersion = 1;
	classes = {
	};
	objectVersion = 50;
	objects = {

/* Begin PBXBuildFile section */
		A537595C27466F6D00C87F89 /* AppDelegate.swift in Sources */ = {isa = PBXBuildFile; fileRef = A537595B27466F6D00C87F89 /* AppDelegate.swift */; };
		A537595E27466F6D00C87F89 /* SceneDelegate.swift in Sources */ = {isa = PBXBuildFile; fileRef = A537595D27466F6D00C87F89 /* SceneDelegate.swift */; };
		A537596027466F6D00C87F89 /* ViewController.swift in Sources */ = {isa = PBXBuildFile; fileRef = A537595F27466F6D00C87F89 /* ViewController.swift */; };
		A537596327466F6D00C87F89 /* Main.storyboard in Resources */ = {isa = PBXBuildFile; fileRef = A537596127466F6D00C87F89 /* Main.storyboard */; };
		A537596527466F7600C87F89 /* Assets.xcassets in Resources */ = {isa = PBXBuildFile; fileRef = A537596427466F7600C87F89 /* Assets.xcassets */; };
		A537596827466F7700C87F89 /* LaunchScreen.storyboard in Resources */ = {isa = PBXBuildFile; fileRef = A537596627466F7700C87F89 /* LaunchScreen.storyboard */; };
		A537597D274688DF00C87F89 /* QuestionViewController.swift in Sources */ = {isa = PBXBuildFile; fileRef = A537597C274688DF00C87F89 /* QuestionViewController.swift */; };
		A537598027468F1900C87F89 /* FinalViewController.swift in Sources */ = {isa = PBXBuildFile; fileRef = A537597F27468F1900C87F89 /* FinalViewController.swift */; };
		A55D1A48275278E7001B356C /* Question.swift in Sources */ = {isa = PBXBuildFile; fileRef = A55D1A47275278E7001B356C /* Question.swift */; };
		A55D1A4B275278F8001B356C /* Answer.swift in Sources */ = {isa = PBXBuildFile; fileRef = A55D1A4A275278F8001B356C /* Answer.swift */; };
/* End PBXBuildFile section */

/* Begin PBXFileReference section */
		A537595827466F6D00C87F89 /* AnimalQuiz.app */ = {isa = PBXFileReference; explicitFileType = wrapper.application; includeInIndex = 0; path = AnimalQuiz.app; sourceTree = BUILT_PRODUCTS_DIR; };
		A537595B27466F6D00C87F89 /* AppDelegate.swift */ = {isa = PBXFileReference; lastKnownFileType = sourcecode.swift; path = AppDelegate.swift; sourceTree = "<group>"; };
		A537595D27466F6D00C87F89 /* SceneDelegate.swift */ = {isa = PBXFileReference; lastKnownFileType = sourcecode.swift; path = SceneDelegate.swift; sourceTree = "<group>"; };
		A537595F27466F6D00C87F89 /* ViewController.swift */ = {isa = PBXFileReference; lastKnownFileType = sourcecode.swift; path = ViewController.swift; sourceTree = "<group>"; };
		A537596227466F6D00C87F89 /* Base */ = {isa = PBXFileReference; lastKnownFileType = file.storyboard; name = Base; path = Base.lproj/Main.storyboard; sourceTree = "<group>"; };
		A537596427466F7600C87F89 /* Assets.xcassets */ = {isa = PBXFileReference; lastKnownFileType = folder.assetcatalog; path = Assets.xcassets; sourceTree = "<group>"; };
		A537596727466F7700C87F89 /* Base */ = {isa = PBXFileReference; lastKnownFileType = file.storyboard; name = Base; path = Base.lproj/LaunchScreen.storyboard; sourceTree = "<group>"; };
		A537596927466F7700C87F89 /* Info.plist */ = {isa = PBXFileReference; lastKnownFileType = text.plist.xml; path = Info.plist; sourceTree = "<group>"; };
		A537597C274688DF00C87F89 /* QuestionViewController.swift */ = {isa = PBXFileReference; lastKnownFileType = sourcecode.swift; path = QuestionViewController.swift; sourceTree = "<group>"; };
		A537597F27468F1900C87F89 /* FinalViewController.swift */ = {isa = PBXFileReference; lastKnownFileType = sourcecode.swift; path = FinalViewController.swift; sourceTree = "<group>"; };
		A55D1A47275278E7001B356C /* Question.swift */ = {isa = PBXFileReference; lastKnownFileType = sourcecode.swift; path = Question.swift; sourceTree = "<group>"; };
		A55D1A4A275278F8001B356C /* Answer.swift */ = {isa = PBXFileReference; lastKnownFileType = sourcecode.swift; path = Answer.swift; sourceTree = "<group>"; };
/* End PBXFileReference section */

/* Begin PBXFrameworksBuildPhase section */
		A537595527466F6C00C87F89 /* Frameworks */ = {
			isa = PBXFrameworksBuildPhase;
			buildActionMask = 2147483647;
			files = (
			);
			runOnlyForDeploymentPostprocessing = 0;
		};
/* End PBXFrameworksBuildPhase section */

/* Begin PBXGroup section */
		A537594F27466F6C00C87F89 = {
			isa = PBXGroup;
			children = (
				A537595A27466F6D00C87F89 /* AnimalQuiz */,
				A537595927466F6D00C87F89 /* Products */,
			);
			sourceTree = "<group>";
		};
		A537595927466F6D00C87F89 /* Products */ = {
			isa = PBXGroup;
			children = (
				A537595827466F6D00C87F89 /* AnimalQuiz.app */,
			);
			name = Products;
			sourceTree = "<group>";
		};
		A537595A27466F6D00C87F89 /* AnimalQuiz */ = {
			isa = PBXGroup;
			children = (
				A53759762746725300C87F89 /* Resources */,
				A53759752746723100C87F89 /* Models */,
				A53759742746721B00C87F89 /* ViewControllers */,
				A5375971274671B000C87F89 /* Supporting Files */,
				A5375970274670DA00C87F89 /* Storyboards */,
			);
			path = AnimalQuiz;
			sourceTree = "<group>";
		};
		A5375970274670DA00C87F89 /* Storyboards */ = {
			isa = PBXGroup;
			children = (
				A537596127466F6D00C87F89 /* Main.storyboard */,
				A537596627466F7700C87F89 /* LaunchScreen.storyboard */,
			);
			path = Storyboards;
			sourceTree = "<group>";
		};
		A5375971274671B000C87F89 /* Supporting Files */ = {
			isa = PBXGroup;
			children = (
				A537596927466F7700C87F89 /* Info.plist */,
				A537595B27466F6D00C87F89 /* AppDelegate.swift */,
				A537595D27466F6D00C87F89 /* SceneDelegate.swift */,
			);
			path = "Supporting Files";
			sourceTree = "<group>";
		};
		A53759742746721B00C87F89 /* ViewControllers */ = {
			isa = PBXGroup;
			children = (
				A537595F27466F6D00C87F89 /* ViewController.swift */,
				A537597C274688DF00C87F89 /* QuestionViewController.swift */,
				A537597F27468F1900C87F89 /* FinalViewController.swift */,
			);
			path = ViewControllers;
			sourceTree = "<group>";
		};
		A53759752746723100C87F89 /* Models */ = {
			isa = PBXGroup;
			children = (
				A55D1A47275278E7001B356C /* Question.swift */,
				A55D1A4A275278F8001B356C /* Answer.swift */,
			);
			path = Models;
			sourceTree = "<group>";
		};
		A53759762746725300C87F89 /* Resources */ = {
			isa = PBXGroup;
			children = (
				A537596427466F7600C87F89 /* Assets.xcassets */,
			);
			path = Resources;
			sourceTree = "<group>";
		};
/* End PBXGroup section */

/* Begin PBXNativeTarget section */
		A537595727466F6C00C87F89 /* AnimalQuiz */ = {
			isa = PBXNativeTarget;
			buildConfigurationList = A537596C27466F7700C87F89 /* Build configuration list for PBXNativeTarget "AnimalQuiz" */;
			buildPhases = (
				A537595427466F6C00C87F89 /* Sources */,
				A537595527466F6C00C87F89 /* Frameworks */,
				A537595627466F6C00C87F89 /* Resources */,
			);
			buildRules = (
			);
			dependencies = (
			);
			name = AnimalQuiz;
			productName = AnimalQuiz;
			productReference = A537595827466F6D00C87F89 /* AnimalQuiz.app */;
			productType = "com.apple.product-type.application";
		};
/* End PBXNativeTarget section */

/* Begin PBXProject section */
		A537595027466F6C00C87F89 /* Project object */ = {
			isa = PBXProject;
			attributes = {
				LastSwiftUpdateCheck = 1240;
				LastUpgradeCheck = 1240;
				TargetAttributes = {
					A537595727466F6C00C87F89 = {
						CreatedOnToolsVersion = 12.4;
					};
				};
			};
			buildConfigurationList = A537595327466F6C00C87F89 /* Build configuration list for PBXProject "AnimalQuiz" */;
			compatibilityVersion = "Xcode 9.3";
			developmentRegion = en;
			hasScannedForEncodings = 0;
			knownRegions = (
				en,
				Base,
			);
			mainGroup = A537594F27466F6C00C87F89;
			productRefGroup = A537595927466F6D00C87F89 /* Products */;
			projectDirPath = "";
			projectRoot = "";
			targets = (
				A537595727466F6C00C87F89 /* AnimalQuiz */,
			);
		};
/* End PBXProject section */

/* Begin PBXResourcesBuildPhase section */
		A537595627466F6C00C87F89 /* Resources */ = {
			isa = PBXResourcesBuildPhase;
			buildActionMask = 2147483647;
			files = (
				A537596827466F7700C87F89 /* LaunchScreen.storyboard in Resources */,
				A537596527466F7600C87F89 /* Assets.xcassets in Resources */,
				A537596327466F6D00C87F89 /* Main.storyboard in Resources */,
			);
			runOnlyForDeploymentPostprocessing = 0;
		};
/* End PBXResourcesBuildPhase section */

/* Begin PBXSourcesBuildPhase section */
		A537595427466F6C00C87F89 /* Sources */ = {
			isa = PBXSourcesBuildPhase;
			buildActionMask = 2147483647;
			files = (
				A537598027468F1900C87F89 /* FinalViewController.swift in Sources */,
				A537596027466F6D00C87F89 /* ViewController.swift in Sources */,
				A537595C27466F6D00C87F89 /* AppDelegate.swift in Sources */,
				A55D1A4B275278F8001B356C /* Answer.swift in Sources */,
				A55D1A48275278E7001B356C /* Question.swift in Sources */,
				A537597D274688DF00C87F89 /* QuestionViewController.swift in Sources */,
				A537595E27466F6D00C87F89 /* SceneDelegate.swift in Sources */,
			);
			runOnlyForDeploymentPostprocessing = 0;
		};
/* End PBXSourcesBuildPhase section */

/* Begin PBXVariantGroup section */
		A537596127466F6D00C87F89 /* Main.storyboard */ = {
			isa = PBXVariantGroup;
			children = (
				A537596227466F6D00C87F89 /* Base */,
			);
			name = Main.storyboard;
			sourceTree = "<group>";
		};
		A537596627466F7700C87F89 /* LaunchScreen.storyboard */ = {
			isa = PBXVariantGroup;
			children = (
				A537596727466F7700C87F89 /* Base */,
			);
			name = LaunchScreen.storyboard;
			sourceTree = "<group>";
		};
/* End PBXVariantGroup section */

/* Begin XCBuildConfiguration section */
		A537596A27466F7700C87F89 /* Debug */ = {
			isa = XCBuildConfiguration;
			buildSettings = {
				ALWAYS_SEARCH_USER_PATHS = NO;
				CLANG_ANALYZER_NONNULL = YES;
				CLANG_ANALYZER_NUMBER_OBJECT_CONVERSION = YES_AGGRESSIVE;
				CLANG_CXX_LANGUAGE_STANDARD = "gnu++14";
				CLANG_CXX_LIBRARY = "libc++";
				CLANG_ENABLE_MODULES = YES;
				CLANG_ENABLE_OBJC_ARC = YES;
				CLANG_ENABLE_OBJC_WEAK = YES;
				CLANG_WARN_BLOCK_CAPTURE_AUTORELEASING = YES;
				CLANG_WARN_BOOL_CONVERSION = YES;
				CLANG_WARN_COMMA = YES;
				CLANG_WARN_CONSTANT_CONVERSION = YES;
				CLANG_WARN_DEPRECATED_OBJC_IMPLEMENTATIONS = YES;
				CLANG_WARN_DIRECT_OBJC_ISA_USAGE = YES_ERROR;
				CLANG_WARN_DOCUMENTATION_COMMENTS = YES;
				CLANG_WARN_EMPTY_BODY = YES;
				CLANG_WARN_ENUM_CONVERSION = YES;
				CLANG_WARN_INFINITE_RECURSION = YES;
				CLANG_WARN_INT_CONVERSION = YES;
				CLANG_WARN_NON_LITERAL_NULL_CONVERSION = YES;
				CLANG_WARN_OBJC_IMPLICIT_RETAIN_SELF = YES;
				CLANG_WARN_OBJC_LITERAL_CONVERSION = YES;
				CLANG_WARN_OBJC_ROOT_CLASS = YES_ERROR;
				CLANG_WARN_QUOTED_INCLUDE_IN_FRAMEWORK_HEADER = YES;
				CLANG_WARN_RANGE_LOOP_ANALYSIS = YES;
				CLANG_WARN_STRICT_PROTOTYPES = YES;
				CLANG_WARN_SUSPICIOUS_MOVE = YES;
				CLANG_WARN_UNGUARDED_AVAILABILITY = YES_AGGRESSIVE;
				CLANG_WARN_UNREACHABLE_CODE = YES;
				CLANG_WARN__DUPLICATE_METHOD_MATCH = YES;
				COPY_PHASE_STRIP = NO;
				DEBUG_INFORMATION_FORMAT = dwarf;
				ENABLE_STRICT_OBJC_MSGSEND = YES;
				ENABLE_TESTABILITY = YES;
				GCC_C_LANGUAGE_STANDARD = gnu11;
				GCC_DYNAMIC_NO_PIC = NO;
				GCC_NO_COMMON_BLOCKS = YES;
				GCC_OPTIMIZATION_LEVEL = 0;
				GCC_PREPROCESSOR_DEFINITIONS = (
					"DEBUG=1",
					"$(inherited)",
				);
				GCC_WARN_64_TO_32_BIT_CONVERSION = YES;
				GCC_WARN_ABOUT_RETURN_TYPE = YES_ERROR;
				GCC_WARN_UNDECLARED_SELECTOR = YES;
				GCC_WARN_UNINITIALIZED_AUTOS = YES_AGGRESSIVE;
				GCC_WARN_UNUSED_FUNCTION = YES;
				GCC_WARN_UNUSED_VARIABLE = YES;
				IPHONEOS_DEPLOYMENT_TARGET = 14.1;
				MTL_ENABLE_DEBUG_INFO = INCLUDE_SOURCE;
				MTL_FAST_MATH = YES;
				ONLY_ACTIVE_ARCH = YES;
				SDKROOT = iphoneos;
				SWIFT_ACTIVE_COMPILATION_CONDITIONS = DEBUG;
				SWIFT_OPTIMIZATION_LEVEL = "-Onone";
			};
			name = Debug;
		};
		A537596B27466F7700C87F89 /* Release */ = {
			isa = XCBuildConfiguration;
			buildSettings = {
				ALWAYS_SEARCH_USER_PATHS = NO;
				CLANG_ANALYZER_NONNULL = YES;
				CLANG_ANALYZER_NUMBER_OBJECT_CONVERSION = YES_AGGRESSIVE;
				CLANG_CXX_LANGUAGE_STANDARD = "gnu++14";
				CLANG_CXX_LIBRARY = "libc++";
				CLANG_ENABLE_MODULES = YES;
				CLANG_ENABLE_OBJC_ARC = YES;
				CLANG_ENABLE_OBJC_WEAK = YES;
				CLANG_WARN_BLOCK_CAPTURE_AUTORELEASING = YES;
				CLANG_WARN_BOOL_CONVERSION = YES;
				CLANG_WARN_COMMA = YES;
				CLANG_WARN_CONSTANT_CONVERSION = YES;
				CLANG_WARN_DEPRECATED_OBJC_IMPLEMENTATIONS = YES;
				CLANG_WARN_DIRECT_OBJC_ISA_USAGE = YES_ERROR;
				CLANG_WARN_DOCUMENTATION_COMMENTS = YES;
				CLANG_WARN_EMPTY_BODY = YES;
				CLANG_WARN_ENUM_CONVERSION = YES;
				CLANG_WARN_INFINITE_RECURSION = YES;
				CLANG_WARN_INT_CONVERSION = YES;
				CLANG_WARN_NON_LITERAL_NULL_CONVERSION = YES;
				CLANG_WARN_OBJC_IMPLICIT_RETAIN_SELF = YES;
				CLANG_WARN_OBJC_LITERAL_CONVERSION = YES;
				CLANG_WARN_OBJC_ROOT_CLASS = YES_ERROR;
				CLANG_WARN_QUOTED_INCLUDE_IN_FRAMEWORK_HEADER = YES;
				CLANG_WARN_RANGE_LOOP_ANALYSIS = YES;
				CLANG_WARN_STRICT_PROTOTYPES = YES;
				CLANG_WARN_SUSPICIOUS_MOVE = YES;
				CLANG_WARN_UNGUARDED_AVAILABILITY = YES_AGGRESSIVE;
				CLANG_WARN_UNREACHABLE_CODE = YES;
				CLANG_WARN__DUPLICATE_METHOD_MATCH = YES;
				COPY_PHASE_STRIP = NO;
				DEBUG_INFORMATION_FORMAT = "dwarf-with-dsym";
				ENABLE_NS_ASSERTIONS = NO;
				ENABLE_STRICT_OBJC_MSGSEND = YES;
				GCC_C_LANGUAGE_STANDARD = gnu11;
				GCC_NO_COMMON_BLOCKS = YES;
				GCC_WARN_64_TO_32_BIT_CONVERSION = YES;
				GCC_WARN_ABOUT_RETURN_TYPE = YES_ERROR;
				GCC_WARN_UNDECLARED_SELECTOR = YES;
				GCC_WARN_UNINITIALIZED_AUTOS = YES_AGGRESSIVE;
				GCC_WARN_UNUSED_FUNCTION = YES;
				GCC_WARN_UNUSED_VARIABLE = YES;
				IPHONEOS_DEPLOYMENT_TARGET = 14.1;
				MTL_ENABLE_DEBUG_INFO = NO;
				MTL_FAST_MATH = YES;
				SDKROOT = iphoneos;
				SWIFT_COMPILATION_MODE = wholemodule;
				SWIFT_OPTIMIZATION_LEVEL = "-O";
				VALIDATE_PRODUCT = YES;
			};
			name = Release;
		};
		A537596D27466F7700C87F89 /* Debug */ = {
			isa = XCBuildConfiguration;
			buildSettings = {
				ASSETCATALOG_COMPILER_APPICON_NAME = AppIcon;
				ASSETCATALOG_COMPILER_GLOBAL_ACCENT_COLOR_NAME = AccentColor;
				CODE_SIGN_STYLE = Automatic;
				DEVELOPMENT_TEAM = PWUQFV6CQT;
				INFOPLIST_FILE = "AnimalQuiz/Supporting Files/Info.plist";
				IPHONEOS_DEPLOYMENT_TARGET = 14.1;
				LD_RUNPATH_SEARCH_PATHS = (
					"$(inherited)",
					"@executable_path/Frameworks",
				);
				PRODUCT_BUNDLE_IDENTIFIER = com.tobie.education.AnimalQuiz;
				PRODUCT_NAME = "$(TARGET_NAME)";
				SWIFT_VERSION = 5.0;
				TARGETED_DEVICE_FAMILY = "1,2";
			};
			name = Debug;
		};
		A537596E27466F7700C87F89 /* Release */ = {
			isa = XCBuildConfiguration;
			buildSettings = {
				ASSETCATALOG_COMPILER_APPICON_NAME = AppIcon;
				ASSETCATALOG_COMPILER_GLOBAL_ACCENT_COLOR_NAME = AccentColor;
				CODE_SIGN_STYLE = Automatic;
				DEVELOPMENT_TEAM = PWUQFV6CQT;
				INFOPLIST_FILE = "AnimalQuiz/Supporting Files/Info.plist";
				IPHONEOS_DEPLOYMENT_TARGET = 14.1;
				LD_RUNPATH_SEARCH_PATHS = (
					"$(inherited)",
					"@executable_path/Frameworks",
				);
				PRODUCT_BUNDLE_IDENTIFIER = com.tobie.education.AnimalQuiz;
				PRODUCT_NAME = "$(TARGET_NAME)";
				SWIFT_VERSION = 5.0;
				TARGETED_DEVICE_FAMILY = "1,2";
			};
			name = Release;
		};
/* End XCBuildConfiguration section */

/* Begin XCConfigurationList section */
		A537595327466F6C00C87F89 /* Build configuration list for PBXProject "AnimalQuiz" */ = {
			isa = XCConfigurationList;
			buildConfigurations = (
				A537596A27466F7700C87F89 /* Debug */,
				A537596B27466F7700C87F89 /* Release */,
			);
			defaultConfigurationIsVisible = 0;
			defaultConfigurationName = Release;
		};
		A537596C27466F7700C87F89 /* Build configuration list for PBXNativeTarget "AnimalQuiz" */ = {
			isa = XCConfigurationList;
			buildConfigurations = (
				A537596D27466F7700C87F89 /* Debug */,
				A537596E27466F7700C87F89 /* Release */,
			);
			defaultConfigurationIsVisible = 0;
			defaultConfigurationName = Release;
		};
/* End XCConfigurationList section */
	};
	rootObject = A537595027466F6C00C87F89 /* Project object */;
}
